// !$*UTF8*$!
{
	archiveVersion = 1;
	classes = {
	};
	objectVersion = 50;
	objects = {

/* Begin PBXBuildFile section */
		2E447CB02698FDC300873206 /* JokeCardView.swift in Sources */ = {isa = PBXBuildFile; fileRef = 2E447CAF2698FDC300873206 /* JokeCardView.swift */; };
		2E7F0863269840C000CFBA47 /* Joke+CoreDataClass.swift in Sources */ = {isa = PBXBuildFile; fileRef = 2E7F0861269840C000CFBA47 /* Joke+CoreDataClass.swift */; };
		2E7F0864269840C000CFBA47 /* Joke+CoreDataProperties.swift in Sources */ = {isa = PBXBuildFile; fileRef = 2E7F0862269840C000CFBA47 /* Joke+CoreDataProperties.swift */; };
		2E7F086926984ED700CFBA47 /* AddView.swift in Sources */ = {isa = PBXBuildFile; fileRef = 2E7F086826984ED700CFBA47 /* AddView.swift */; };
		2EC8A9BE267E7514000FE447 /* AppDelegate.swift in Sources */ = {isa = PBXBuildFile; fileRef = 2EC8A9BD267E7514000FE447 /* AppDelegate.swift */; };
		2EC8A9C0267E7514000FE447 /* SceneDelegate.swift in Sources */ = {isa = PBXBuildFile; fileRef = 2EC8A9BF267E7514000FE447 /* SceneDelegate.swift */; };
		2EC8A9C2267E7514000FE447 /* ContentView.swift in Sources */ = {isa = PBXBuildFile; fileRef = 2EC8A9C1267E7514000FE447 /* ContentView.swift */; };
		2EC8A9C5267E7514000FE447 /* DadJokes.xcdatamodeld in Sources */ = {isa = PBXBuildFile; fileRef = 2EC8A9C3267E7514000FE447 /* DadJokes.xcdatamodeld */; };
		2EC8A9C7267E7516000FE447 /* Assets.xcassets in Resources */ = {isa = PBXBuildFile; fileRef = 2EC8A9C6267E7516000FE447 /* Assets.xcassets */; };
		2EC8A9CA267E7516000FE447 /* Preview Assets.xcassets in Resources */ = {isa = PBXBuildFile; fileRef = 2EC8A9C9267E7516000FE447 /* Preview Assets.xcassets */; };
		2EC8A9CD267E7516000FE447 /* LaunchScreen.storyboard in Resources */ = {isa = PBXBuildFile; fileRef = 2EC8A9CB267E7516000FE447 /* LaunchScreen.storyboard */; };
		2EC8A9DC267E9AA7000FE447 /* EmojiView.swift in Sources */ = {isa = PBXBuildFile; fileRef = 2EC8A9DB267E9AA7000FE447 /* EmojiView.swift */; };
/* End PBXBuildFile section */

/* Begin PBXFileReference section */
		2E447CAF2698FDC300873206 /* JokeCardView.swift */ = {isa = PBXFileReference; lastKnownFileType = sourcecode.swift; path = JokeCardView.swift; sourceTree = "<group>"; };
		2E7F0861269840C000CFBA47 /* Joke+CoreDataClass.swift */ = {isa = PBXFileReference; lastKnownFileType = sourcecode.swift; path = "Joke+CoreDataClass.swift"; sourceTree = "<group>"; };
		2E7F0862269840C000CFBA47 /* Joke+CoreDataProperties.swift */ = {isa = PBXFileReference; lastKnownFileType = sourcecode.swift; path = "Joke+CoreDataProperties.swift"; sourceTree = "<group>"; };
		2E7F086826984ED700CFBA47 /* AddView.swift */ = {isa = PBXFileReference; lastKnownFileType = sourcecode.swift; path = AddView.swift; sourceTree = "<group>"; };
		2EC8A9BA267E7514000FE447 /* DadJokes.app */ = {isa = PBXFileReference; explicitFileType = wrapper.application; includeInIndex = 0; path = DadJokes.app; sourceTree = BUILT_PRODUCTS_DIR; };
		2EC8A9BD267E7514000FE447 /* AppDelegate.swift */ = {isa = PBXFileReference; lastKnownFileType = sourcecode.swift; path = AppDelegate.swift; sourceTree = "<group>"; };
		2EC8A9BF267E7514000FE447 /* SceneDelegate.swift */ = {isa = PBXFileReference; lastKnownFileType = sourcecode.swift; path = SceneDelegate.swift; sourceTree = "<group>"; };
		2EC8A9C1267E7514000FE447 /* ContentView.swift */ = {isa = PBXFileReference; lastKnownFileType = sourcecode.swift; path = ContentView.swift; sourceTree = "<group>"; };
		2EC8A9C4267E7514000FE447 /* DadJokes.xcdatamodel */ = {isa = PBXFileReference; lastKnownFileType = wrapper.xcdatamodel; path = DadJokes.xcdatamodel; sourceTree = "<group>"; };
		2EC8A9C6267E7516000FE447 /* Assets.xcassets */ = {isa = PBXFileReference; lastKnownFileType = folder.assetcatalog; path = Assets.xcassets; sourceTree = "<group>"; };
		2EC8A9C9267E7516000FE447 /* Preview Assets.xcassets */ = {isa = PBXFileReference; lastKnownFileType = folder.assetcatalog; path = "Preview Assets.xcassets"; sourceTree = "<group>"; };
		2EC8A9CC267E7516000FE447 /* Base */ = {isa = PBXFileReference; lastKnownFileType = file.storyboard; name = Base; path = Base.lproj/LaunchScreen.storyboard; sourceTree = "<group>"; };
		2EC8A9CE267E7516000FE447 /* Info.plist */ = {isa = PBXFileReference; lastKnownFileType = text.plist.xml; path = Info.plist; sourceTree = "<group>"; };
		2EC8A9DB267E9AA7000FE447 /* EmojiView.swift */ = {isa = PBXFileReference; lastKnownFileType = sourcecode.swift; path = EmojiView.swift; sourceTree = "<group>"; };
/* End PBXFileReference section */

/* Begin PBXFrameworksBuildPhase section */
		2EC8A9B7267E7514000FE447 /* Frameworks */ = {
			isa = PBXFrameworksBuildPhase;
			buildActionMask = 2147483647;
			files = (
			);
			runOnlyForDeploymentPostprocessing = 0;
		};
/* End PBXFrameworksBuildPhase section */

/* Begin PBXGroup section */
		2EC8A9B1267E7514000FE447 = {
			isa = PBXGroup;
			children = (
				2EC8A9BC267E7514000FE447 /* DadJokes */,
				2EC8A9BB267E7514000FE447 /* Products */,
			);
			sourceTree = "<group>";
		};
		2EC8A9BB267E7514000FE447 /* Products */ = {
			isa = PBXGroup;
			children = (
				2EC8A9BA267E7514000FE447 /* DadJokes.app */,
			);
			name = Products;
			sourceTree = "<group>";
		};
		2EC8A9BC267E7514000FE447 /* DadJokes */ = {
			isa = PBXGroup;
			children = (
				2EC8A9E0267E9ACF000FE447 /* AppFiles */,
				2EC8A9DE267E9AB8000FE447 /* Views */,
				2EC8A9D5267E935E000FE447 /* Models */,
				2EC8A9C8267E7516000FE447 /* Preview Content */,
			);
			path = DadJokes;
			sourceTree = "<group>";
		};
		2EC8A9C8267E7516000FE447 /* Preview Content */ = {
			isa = PBXGroup;
			children = (
				2EC8A9C9267E7516000FE447 /* Preview Assets.xcassets */,
			);
			path = "Preview Content";
			sourceTree = "<group>";
		};
		2EC8A9D5267E935E000FE447 /* Models */ = {
			isa = PBXGroup;
			children = (
				2E7F0861269840C000CFBA47 /* Joke+CoreDataClass.swift */,
				2E7F0862269840C000CFBA47 /* Joke+CoreDataProperties.swift */,
				2EC8A9C3267E7514000FE447 /* DadJokes.xcdatamodeld */,
			);
			path = Models;
			sourceTree = "<group>";
		};
		2EC8A9DE267E9AB8000FE447 /* Views */ = {
			isa = PBXGroup;
			children = (
				2EC8A9E2267E9B00000FE447 /* Components */,
				2EC8A9E1267E9AF5000FE447 /* Storyboards */,
			);
			path = Views;
			sourceTree = "<group>";
		};
		2EC8A9E0267E9ACF000FE447 /* AppFiles */ = {
			isa = PBXGroup;
			children = (
				2EC8A9BD267E7514000FE447 /* AppDelegate.swift */,
				2EC8A9BF267E7514000FE447 /* SceneDelegate.swift */,
				2EC8A9C6267E7516000FE447 /* Assets.xcassets */,
				2EC8A9CE267E7516000FE447 /* Info.plist */,
			);
			name = AppFiles;
			sourceTree = "<group>";
		};
		2EC8A9E1267E9AF5000FE447 /* Storyboards */ = {
			isa = PBXGroup;
			children = (
				2EC8A9CB267E7516000FE447 /* LaunchScreen.storyboard */,
			);
			path = Storyboards;
			sourceTree = "<group>";
		};
		2EC8A9E2267E9B00000FE447 /* Components */ = {
			isa = PBXGroup;
			children = (
				2EC8A9C1267E7514000FE447 /* ContentView.swift */,
				2E7F086826984ED700CFBA47 /* AddView.swift */,
				2EC8A9DB267E9AA7000FE447 /* EmojiView.swift */,
				2E447CAF2698FDC300873206 /* JokeCardView.swift */,
			);
			path = Components;
			sourceTree = "<group>";
		};
/* End PBXGroup section */

/* Begin PBXNativeTarget section */
		2EC8A9B9267E7514000FE447 /* DadJokes */ = {
			isa = PBXNativeTarget;
			buildConfigurationList = 2EC8A9D1267E7516000FE447 /* Build configuration list for PBXNativeTarget "DadJokes" */;
			buildPhases = (
				2EC8A9B6267E7514000FE447 /* Sources */,
				2EC8A9B7267E7514000FE447 /* Frameworks */,
				2EC8A9B8267E7514000FE447 /* Resources */,
			);
			buildRules = (
			);
			dependencies = (
			);
			name = DadJokes;
			productName = DadJokes;
			productReference = 2EC8A9BA267E7514000FE447 /* DadJokes.app */;
			productType = "com.apple.product-type.application";
		};
/* End PBXNativeTarget section */

/* Begin PBXProject section */
		2EC8A9B2267E7514000FE447 /* Project object */ = {
			isa = PBXProject;
			attributes = {
				LastSwiftUpdateCheck = 1220;
				LastUpgradeCheck = 1220;
				TargetAttributes = {
					2EC8A9B9267E7514000FE447 = {
						CreatedOnToolsVersion = 12.2;
					};
				};
			};
			buildConfigurationList = 2EC8A9B5267E7514000FE447 /* Build configuration list for PBXProject "DadJokes" */;
			compatibilityVersion = "Xcode 9.3";
			developmentRegion = en;
			hasScannedForEncodings = 0;
			knownRegions = (
				en,
				Base,
			);
			mainGroup = 2EC8A9B1267E7514000FE447;
			productRefGroup = 2EC8A9BB267E7514000FE447 /* Products */;
			projectDirPath = "";
			projectRoot = "";
			targets = (
				2EC8A9B9267E7514000FE447 /* DadJokes */,
			);
		};
/* End PBXProject section */

/* Begin PBXResourcesBuildPhase section */
		2EC8A9B8267E7514000FE447 /* Resources */ = {
			isa = PBXResourcesBuildPhase;
			buildActionMask = 2147483647;
			files = (
				2EC8A9CD267E7516000FE447 /* LaunchScreen.storyboard in Resources */,
				2EC8A9CA267E7516000FE447 /* Preview Assets.xcassets in Resources */,
				2EC8A9C7267E7516000FE447 /* Assets.xcassets in Resources */,
			);
			runOnlyForDeploymentPostprocessing = 0;
		};
/* End PBXResourcesBuildPhase section */

/* Begin PBXSourcesBuildPhase section */
		2EC8A9B6267E7514000FE447 /* Sources */ = {
			isa = PBXSourcesBuildPhase;
			buildActionMask = 2147483647;
			files = (
				2E7F0863269840C000CFBA47 /* Joke+CoreDataClass.swift in Sources */,
				2EC8A9BE267E7514000FE447 /* AppDelegate.swift in Sources */,
				2EC8A9C0267E7514000FE447 /* SceneDelegate.swift in Sources */,
				2E447CB02698FDC300873206 /* JokeCardView.swift in Sources */,
				2E7F0864269840C000CFBA47 /* Joke+CoreDataProperties.swift in Sources */,
				2E7F086926984ED700CFBA47 /* AddView.swift in Sources */,
				2EC8A9C5267E7514000FE447 /* DadJokes.xcdatamodeld in Sources */,
				2EC8A9C2267E7514000FE447 /* ContentView.swift in Sources */,
				2EC8A9DC267E9AA7000FE447 /* EmojiView.swift in Sources */,
			);
			runOnlyForDeploymentPostprocessing = 0;
		};
/* End PBXSourcesBuildPhase section */

/* Begin PBXVariantGroup section */
		2EC8A9CB267E7516000FE447 /* LaunchScreen.storyboard */ = {
			isa = PBXVariantGroup;
			children = (
				2EC8A9CC267E7516000FE447 /* Base */,
			);
			name = LaunchScreen.storyboard;
			sourceTree = "<group>";
		};
/* End PBXVariantGroup section */

/* Begin XCBuildConfiguration section */
		2EC8A9CF267E7516000FE447 /* Debug */ = {
			isa = XCBuildConfiguration;
			buildSettings = {
				ALWAYS_SEARCH_USER_PATHS = NO;
				CLANG_ANALYZER_NONNULL = YES;
				CLANG_ANALYZER_NUMBER_OBJECT_CONVERSION = YES_AGGRESSIVE;
				CLANG_CXX_LANGUAGE_STANDARD = "gnu++14";
				CLANG_CXX_LIBRARY = "libc++";
				CLANG_ENABLE_MODULES = YES;
				CLANG_ENABLE_OBJC_ARC = YES;
				CLANG_ENABLE_OBJC_WEAK = YES;
				CLANG_WARN_BLOCK_CAPTURE_AUTORELEASING = YES;
				CLANG_WARN_BOOL_CONVERSION = YES;
				CLANG_WARN_COMMA = YES;
				CLANG_WARN_CONSTANT_CONVERSION = YES;
				CLANG_WARN_DEPRECATED_OBJC_IMPLEMENTATIONS = YES;
				CLANG_WARN_DIRECT_OBJC_ISA_USAGE = YES_ERROR;
				CLANG_WARN_DOCUMENTATION_COMMENTS = YES;
				CLANG_WARN_EMPTY_BODY = YES;
				CLANG_WARN_ENUM_CONVERSION = YES;
				CLANG_WARN_INFINITE_RECURSION = YES;
				CLANG_WARN_INT_CONVERSION = YES;
				CLANG_WARN_NON_LITERAL_NULL_CONVERSION = YES;
				CLANG_WARN_OBJC_IMPLICIT_RETAIN_SELF = YES;
				CLANG_WARN_OBJC_LITERAL_CONVERSION = YES;
				CLANG_WARN_OBJC_ROOT_CLASS = YES_ERROR;
				CLANG_WARN_QUOTED_INCLUDE_IN_FRAMEWORK_HEADER = YES;
				CLANG_WARN_RANGE_LOOP_ANALYSIS = YES;
				CLANG_WARN_STRICT_PROTOTYPES = YES;
				CLANG_WARN_SUSPICIOUS_MOVE = YES;
				CLANG_WARN_UNGUARDED_AVAILABILITY = YES_AGGRESSIVE;
				CLANG_WARN_UNREACHABLE_CODE = YES;
				CLANG_WARN__DUPLICATE_METHOD_MATCH = YES;
				COPY_PHASE_STRIP = NO;
				DEBUG_INFORMATION_FORMAT = dwarf;
				ENABLE_STRICT_OBJC_MSGSEND = YES;
				ENABLE_TESTABILITY = YES;
				GCC_C_LANGUAGE_STANDARD = gnu11;
				GCC_DYNAMIC_NO_PIC = NO;
				GCC_NO_COMMON_BLOCKS = YES;
				GCC_OPTIMIZATION_LEVEL = 0;
				GCC_PREPROCESSOR_DEFINITIONS = (
					"DEBUG=1",
					"$(inherited)",
				);
				GCC_WARN_64_TO_32_BIT_CONVERSION = YES;
				GCC_WARN_ABOUT_RETURN_TYPE = YES_ERROR;
				GCC_WARN_UNDECLARED_SELECTOR = YES;
				GCC_WARN_UNINITIALIZED_AUTOS = YES_AGGRESSIVE;
				GCC_WARN_UNUSED_FUNCTION = YES;
				GCC_WARN_UNUSED_VARIABLE = YES;
				IPHONEOS_DEPLOYMENT_TARGET = 14.2;
				MTL_ENABLE_DEBUG_INFO = INCLUDE_SOURCE;
				MTL_FAST_MATH = YES;
				ONLY_ACTIVE_ARCH = YES;
				SDKROOT = iphoneos;
				SWIFT_ACTIVE_COMPILATION_CONDITIONS = DEBUG;
				SWIFT_OPTIMIZATION_LEVEL = "-Onone";
			};
			name = Debug;
		};
		2EC8A9D0267E7516000FE447 /* Release */ = {
			isa = XCBuildConfiguration;
			buildSettings = {
				ALWAYS_SEARCH_USER_PATHS = NO;
				CLANG_ANALYZER_NONNULL = YES;
				CLANG_ANALYZER_NUMBER_OBJECT_CONVERSION = YES_AGGRESSIVE;
				CLANG_CXX_LANGUAGE_STANDARD = "gnu++14";
				CLANG_CXX_LIBRARY = "libc++";
				CLANG_ENABLE_MODULES = YES;
				CLANG_ENABLE_OBJC_ARC = YES;
				CLANG_ENABLE_OBJC_WEAK = YES;
				CLANG_WARN_BLOCK_CAPTURE_AUTORELEASING = YES;
				CLANG_WARN_BOOL_CONVERSION = YES;
				CLANG_WARN_COMMA = YES;
				CLANG_WARN_CONSTANT_CONVERSION = YES;
				CLANG_WARN_DEPRECATED_OBJC_IMPLEMENTATIONS = YES;
				CLANG_WARN_DIRECT_OBJC_ISA_USAGE = YES_ERROR;
				CLANG_WARN_DOCUMENTATION_COMMENTS = YES;
				CLANG_WARN_EMPTY_BODY = YES;
				CLANG_WARN_ENUM_CONVERSION = YES;
				CLANG_WARN_INFINITE_RECURSION = YES;
				CLANG_WARN_INT_CONVERSION = YES;
				CLANG_WARN_NON_LITERAL_NULL_CONVERSION = YES;
				CLANG_WARN_OBJC_IMPLICIT_RETAIN_SELF = YES;
				CLANG_WARN_OBJC_LITERAL_CONVERSION = YES;
				CLANG_WARN_OBJC_ROOT_CLASS = YES_ERROR;
				CLANG_WARN_QUOTED_INCLUDE_IN_FRAMEWORK_HEADER = YES;
				CLANG_WARN_RANGE_LOOP_ANALYSIS = YES;
				CLANG_WARN_STRICT_PROTOTYPES = YES;
				CLANG_WARN_SUSPICIOUS_MOVE = YES;
				CLANG_WARN_UNGUARDED_AVAILABILITY = YES_AGGRESSIVE;
				CLANG_WARN_UNREACHABLE_CODE = YES;
				CLANG_WARN__DUPLICATE_METHOD_MATCH = YES;
				COPY_PHASE_STRIP = NO;
				DEBUG_INFORMATION_FORMAT = "dwarf-with-dsym";
				ENABLE_NS_ASSERTIONS = NO;
				ENABLE_STRICT_OBJC_MSGSEND = YES;
				GCC_C_LANGUAGE_STANDARD = gnu11;
				GCC_NO_COMMON_BLOCKS = YES;
				GCC_WARN_64_TO_32_BIT_CONVERSION = YES;
				GCC_WARN_ABOUT_RETURN_TYPE = YES_ERROR;
				GCC_WARN_UNDECLARED_SELECTOR = YES;
				GCC_WARN_UNINITIALIZED_AUTOS = YES_AGGRESSIVE;
				GCC_WARN_UNUSED_FUNCTION = YES;
				GCC_WARN_UNUSED_VARIABLE = YES;
				IPHONEOS_DEPLOYMENT_TARGET = 14.2;
				MTL_ENABLE_DEBUG_INFO = NO;
				MTL_FAST_MATH = YES;
				SDKROOT = iphoneos;
				SWIFT_COMPILATION_MODE = wholemodule;
				SWIFT_OPTIMIZATION_LEVEL = "-O";
				VALIDATE_PRODUCT = YES;
			};
			name = Release;
		};
		2EC8A9D2267E7516000FE447 /* Debug */ = {
			isa = XCBuildConfiguration;
			buildSettings = {
				ASSETCATALOG_COMPILER_APPICON_NAME = AppIcon;
				ASSETCATALOG_COMPILER_GLOBAL_ACCENT_COLOR_NAME = AccentColor;
				CODE_SIGN_STYLE = Automatic;
				DEVELOPMENT_ASSET_PATHS = "\"DadJokes/Preview Content\"";
				DEVELOPMENT_TEAM = U6JX84M9ZS;
				ENABLE_PREVIEWS = YES;
				INFOPLIST_FILE = DadJokes/Info.plist;
				LD_RUNPATH_SEARCH_PATHS = (
					"$(inherited)",
					"@executable_path/Frameworks",
				);
				PRODUCT_BUNDLE_IDENTIFIER = com.abanoub.DadJokes;
				PRODUCT_NAME = "$(TARGET_NAME)";
				SUPPORTS_MACCATALYST = NO;
				SWIFT_VERSION = 5.0;
				TARGETED_DEVICE_FAMILY = "1,2";
			};
			name = Debug;
		};
		2EC8A9D3267E7516000FE447 /* Release */ = {
			isa = XCBuildConfiguration;
			buildSettings = {
				ASSETCATALOG_COMPILER_APPICON_NAME = AppIcon;
				ASSETCATALOG_COMPILER_GLOBAL_ACCENT_COLOR_NAME = AccentColor;
				CODE_SIGN_STYLE = Automatic;
				DEVELOPMENT_ASSET_PATHS = "\"DadJokes/Preview Content\"";
				DEVELOPMENT_TEAM = U6JX84M9ZS;
				ENABLE_PREVIEWS = YES;
				INFOPLIST_FILE = DadJokes/Info.plist;
				LD_RUNPATH_SEARCH_PATHS = (
					"$(inherited)",
					"@executable_path/Frameworks",
				);
				PRODUCT_BUNDLE_IDENTIFIER = com.abanoub.DadJokes;
				PRODUCT_NAME = "$(TARGET_NAME)";
				SUPPORTS_MACCATALYST = NO;
				SWIFT_VERSION = 5.0;
				TARGETED_DEVICE_FAMILY = "1,2";
			};
			name = Release;
		};
/* End XCBuildConfiguration section */

/* Begin XCConfigurationList section */
		2EC8A9B5267E7514000FE447 /* Build configuration list for PBXProject "DadJokes" */ = {
			isa = XCConfigurationList;
			buildConfigurations = (
				2EC8A9CF267E7516000FE447 /* Debug */,
				2EC8A9D0267E7516000FE447 /* Release */,
			);
			defaultConfigurationIsVisible = 0;
			defaultConfigurationName = Release;
		};
		2EC8A9D1267E7516000FE447 /* Build configuration list for PBXNativeTarget "DadJokes" */ = {
			isa = XCConfigurationList;
			buildConfigurations = (
				2EC8A9D2267E7516000FE447 /* Debug */,
				2EC8A9D3267E7516000FE447 /* Release */,
			);
			defaultConfigurationIsVisible = 0;
			defaultConfigurationName = Release;
		};
/* End XCConfigurationList section */

/* Begin XCVersionGroup section */
		2EC8A9C3267E7514000FE447 /* DadJokes.xcdatamodeld */ = {
			isa = XCVersionGroup;
			children = (
				2EC8A9C4267E7514000FE447 /* DadJokes.xcdatamodel */,
			);
			currentVersion = 2EC8A9C4267E7514000FE447 /* DadJokes.xcdatamodel */;
			path = DadJokes.xcdatamodeld;
			sourceTree = "<group>";
			versionGroupType = wrapper.xcdatamodel;
		};
/* End XCVersionGroup section */
	};
	rootObject = 2EC8A9B2267E7514000FE447 /* Project object */;
}
